<?xml version="1.0" encoding="utf-8"?>
<Project ToolsVersion="4.0" xmlns="http://schemas.microsoft.com/developer/msbuild/2003">
  <ItemGroup>
    <Filter Include="Source Files">
      <UniqueIdentifier>{4FC737F1-C7A5-4376-A066-2A32D752A2FF}</UniqueIdentifier>
      <Extensions>cpp;c;cc;cxx;def;odl;idl;hpj;bat;asm;asmx</Extensions>
    </Filter>
    <Filter Include="Header Files">
      <UniqueIdentifier>{93995380-89BD-4b04-88EB-625FBE52EBFB}</UniqueIdentifier>
      <Extensions>h;hh;hpp;hxx;hm;inl;inc;xsd</Extensions>
    </Filter>
    <Filter Include="Resource Files">
      <UniqueIdentifier>{67DA6AB6-F800-4c08-8B7A-83BB121AAD01}</UniqueIdentifier>
      <Extensions>rc;ico;cur;bmp;dlg;rc2;rct;bin;rgs;gif;jpg;jpeg;jpe;resx;tiff;tif;png;wav;mfcribbon-ms</Extensions>
    </Filter>
    <Filter Include="Source Files\objects">
      <UniqueIdentifier>{f2b36cea-dea5-4257-a6ce-91deec4b306c}</UniqueIdentifier>
    </Filter>
    <Filter Include="Source Files\maingame">
      <UniqueIdentifier>{94f29f80-7a6f-4bec-8869-b865cbb20d6a}</UniqueIdentifier>
    </Filter>
    <Filter Include="Source Files\states">
      <UniqueIdentifier>{52d4813b-4f4c-46e1-aced-fb5a286b6373}</UniqueIdentifier>
    </Filter>
  </ItemGroup>
  <ItemGroup>
    <ClCompile Include="Item.cpp">
      <Filter>Source Files\objects</Filter>
    </ClCompile>
    <ClCompile Include="Location.cpp">
      <Filter>Source Files\objects</Filter>
    </ClCompile>
    <ClCompile Include="NPC.cpp">
      <Filter>Source Files\objects</Filter>
    </ClCompile>
    <ClCompile Include="FileReader.cpp">
      <Filter>Source Files\maingame</Filter>
    </ClCompile>
    <ClCompile Include="Game.cpp">
      <Filter>Source Files\maingame</Filter>
    </ClCompile>
    <ClCompile Include="Main.cpp">
      <Filter>Source Files\maingame</Filter>
    </ClCompile>
    <ClCompile Include="Parser.cpp">
      <Filter>Source Files\maingame</Filter>
    </ClCompile>
    <ClCompile Include="StateMachine.cpp">
      <Filter>Source Files\maingame</Filter>
    </ClCompile>
    <ClCompile Include="Chapter1.cpp">
      <Filter>Source Files\states</Filter>
    </ClCompile>
    <ClCompile Include="Helpers.cpp">
      <Filter>Source Files\maingame</Filter>
    </ClCompile>
    <ClCompile Include="Phone.cpp">
      <Filter>Source Files\objects</Filter>
    </ClCompile>
    <ClCompile Include="Chapter2.cpp">
      <Filter>Source Files\states</Filter>
    </ClCompile>
    <ClCompile Include="Chapter3.cpp">
      <Filter>Source Files\states</Filter>
    </ClCompile>
    <ClCompile Include="Chapter4.cpp">
      <Filter>Source Files\states</Filter>
    </ClCompile>
  </ItemGroup>
  <ItemGroup>
    <ClInclude Include="Item.h">
      <Filter>Source Files\objects</Filter>
    </ClInclude>
    <ClInclude Include="Location.h">
      <Filter>Source Files\objects</Filter>
    </ClInclude>
    <ClInclude Include="NPC.h">
      <Filter>Source Files\objects</Filter>
    </ClInclude>
    <ClInclude Include="FileReader.h">
      <Filter>Source Files\maingame</Filter>
    </ClInclude>
    <ClInclude Include="Game.h">
      <Filter>Source Files\maingame</Filter>
    </ClInclude>
    <ClInclude Include="Parser.h">
      <Filter>Source Files\maingame</Filter>
    </ClInclude>
    <ClInclude Include="StateMachine.h">
      <Filter>Source Files\maingame</Filter>
    </ClInclude>
    <ClInclude Include="State.h">
      <Filter>Source Files\maingame</Filter>
    </ClInclude>
    <ClInclude Include="Chapter1.h">
      <Filter>Source Files\states</Filter>
    </ClInclude>
    <ClInclude Include="Helpers.h">
      <Filter>Source Files\maingame</Filter>
    </ClInclude>
    <ClInclude Include="Phone.h">
      <Filter>Source Files\objects</Filter>
    </ClInclude>
    <ClInclude Include="Chapter2.h">
      <Filter>Source Files\states</Filter>
    </ClInclude>
    <ClInclude Include="Container.h">
      <Filter>Source Files\objects</Filter>
    </ClInclude>
    <ClInclude Include="Chapter3.h">
      <Filter>Source Files\states</Filter>
    </ClInclude>
    <ClInclude Include="Chapter4.h">
      <Filter>Source Files\states</Filter>
    </ClInclude>
  </ItemGroup>
</Project>